
Microsoft Visual Studio Solution File, Format Version 12.00
# Visual Studio 15
VisualStudioVersion = 15.0.27703.2047
MinimumVisualStudioVersion = 10.0.40219.1
Project("{8BC9CEB8-8B4A-11D0-8D11-00A0C91BC942}") = "Starlight", "Starlight\Starlight.vcxproj", "{27AC2432-150A-4244-8BAB-09889120550D}"
EndProject
Global
	GlobalSection(Performance) = preSolution
		HasPerformanceSessions = true
	EndGlobalSection
	GlobalSection(SolutionConfigurationPlatforms) = preSolution
		Debug|x64 = Debug|x64
		Debug|x86 = Debug|x86
		Release|x64 = Release|x64
		Release|x86 = Release|x86
	EndGlobalSection
	GlobalSection(ProjectConfigurationPlatforms) = postSolution
		{27AC2432-150A-4244-8BAB-09889120550D}.Debug|x64.ActiveCfg = Debug|x64
		{27AC2432-150A-4244-8BAB-09889120550D}.Debug|x64.Build.0 = Debug|x64
		{27AC2432-150A-4244-8BAB-09889120550D}.Debug|x86.ActiveCfg = Debug|Win32
		{27AC2432-150A-4244-8BAB-09889120550D}.Debug|x86.Build.0 = Debug|Win32
		{27AC2432-150A-4244-8BAB-09889120550D}.Release|x64.ActiveCfg = Release|x64
		{27AC2432-150A-4244-8BAB-09889120550D}.Release|x64.Build.0 = Release|x64
		{27AC2432-150A-4244-8BAB-09889120550D}.Release|x86.ActiveCfg = Release|Win32
		{27AC2432-150A-4244-8BAB-09889120550D}.Release|x86.Build.0 = Release|Win32
	EndGlobalSection
	GlobalSection(SolutionProperties) = preSolution
		HideSolutionNode = FALSE
	EndGlobalSection
	GlobalSection(ExtensibilityGlobals) = postSolution
		SolutionGuid = {A81587ED-430B-4851-A6CC-DE7C668CD2E4}
	EndGlobalSection
EndGlobal
